
Microsoft Visual Studio Solution File, Format Version 12.00
# Visual Studio Version 17
VisualStudioVersion = 17.4.33213.308
MinimumVisualStudioVersion = 10.0.40219.1
Project("{FAE04EC0-301F-11D3-BF4B-00C04F79EFBC}") = "Week4Loops", "Week4Loops\Week4Loops.csproj", "{FB44F827-31FF-420D-86AD-C2A4F7F8C802}"
EndProject
Project("{FAE04EC0-301F-11D3-BF4B-00C04F79EFBC}") = "ForLoopSum", "ForLoopSum\ForLoopSum.csproj", "{80B16661-2C3D-4334-8ACB-9663AF281D7D}"
EndProject
Project("{FAE04EC0-301F-11D3-BF4B-00C04F79EFBC}") = "RandomNumber", "RandomNumber\RandomNumber.csproj", "{4AF1EA2F-FCC0-4580-9CA7-BA0953EC7A93}"
EndProject
Project("{FAE04EC0-301F-11D3-BF4B-00C04F79EFBC}") = "WhileLoops", "WhileLoops\WhileLoops.csproj", "{5385EF63-D527-4874-B66A-CFDE9BB485DA}"
EndProject
Global
	GlobalSection(SolutionConfigurationPlatforms) = preSolution
		Debug|Any CPU = Debug|Any CPU
		Release|Any CPU = Release|Any CPU
	EndGlobalSection
	GlobalSection(ProjectConfigurationPlatforms) = postSolution
		{FB44F827-31FF-420D-86AD-C2A4F7F8C802}.Debug|Any CPU.ActiveCfg = Debug|Any CPU
		{FB44F827-31FF-420D-86AD-C2A4F7F8C802}.Debug|Any CPU.Build.0 = Debug|Any CPU
		{FB44F827-31FF-420D-86AD-C2A4F7F8C802}.Release|Any CPU.ActiveCfg = Release|Any CPU
		{FB44F827-31FF-420D-86AD-C2A4F7F8C802}.Release|Any CPU.Build.0 = Release|Any CPU
		{80B16661-2C3D-4334-8ACB-9663AF281D7D}.Debug|Any CPU.ActiveCfg = Debug|Any CPU
		{80B16661-2C3D-4334-8ACB-9663AF281D7D}.Debug|Any CPU.Build.0 = Debug|Any CPU
		{80B16661-2C3D-4334-8ACB-9663AF281D7D}.Release|Any CPU.ActiveCfg = Release|Any CPU
		{80B16661-2C3D-4334-8ACB-9663AF281D7D}.Release|Any CPU.Build.0 = Release|Any CPU
		{4AF1EA2F-FCC0-4580-9CA7-BA0953EC7A93}.Debug|Any CPU.ActiveCfg = Debug|Any CPU
		{4AF1EA2F-FCC0-4580-9CA7-BA0953EC7A93}.Debug|Any CPU.Build.0 = Debug|Any CPU
		{4AF1EA2F-FCC0-4580-9CA7-BA0953EC7A93}.Release|Any CPU.ActiveCfg = Release|Any CPU
		{4AF1EA2F-FCC0-4580-9CA7-BA0953EC7A93}.Release|Any CPU.Build.0 = Release|Any CPU
		{5385EF63-D527-4874-B66A-CFDE9BB485DA}.Debug|Any CPU.ActiveCfg = Debug|Any CPU
		{5385EF63-D527-4874-B66A-CFDE9BB485DA}.Debug|Any CPU.Build.0 = Debug|Any CPU
		{5385EF63-D527-4874-B66A-CFDE9BB485DA}.Release|Any CPU.ActiveCfg = Release|Any CPU
		{5385EF63-D527-4874-B66A-CFDE9BB485DA}.Release|Any CPU.Build.0 = Release|Any CPU
	EndGlobalSection
	GlobalSection(SolutionProperties) = preSolution
		HideSolutionNode = FALSE
	EndGlobalSection
	GlobalSection(ExtensibilityGlobals) = postSolution
		SolutionGuid = {97F69FF7-D4C3-42AE-9B60-938063DF1FE5}
	EndGlobalSection
EndGlobal
